// !$*UTF8*$!
{
	archiveVersion = 1;
	classes = {
	};
	objectVersion = 50;
	objects = {

/* Begin PBXBuildFile section */
		14A0F42822F98F3300BBAFE7 /* AppDelegate.swift in Sources */ = {isa = PBXBuildFile; fileRef = 14A0F42722F98F3300BBAFE7 /* AppDelegate.swift */; };
		14A0F42A22F98F3300BBAFE7 /* ViewController.swift in Sources */ = {isa = PBXBuildFile; fileRef = 14A0F42922F98F3300BBAFE7 /* ViewController.swift */; };
		14A0F42D22F98F3300BBAFE7 /* Main.storyboard in Resources */ = {isa = PBXBuildFile; fileRef = 14A0F42B22F98F3300BBAFE7 /* Main.storyboard */; };
		14A0F42F22F98F3B00BBAFE7 /* Assets.xcassets in Resources */ = {isa = PBXBuildFile; fileRef = 14A0F42E22F98F3B00BBAFE7 /* Assets.xcassets */; };
		14A0F43222F98F3B00BBAFE7 /* LaunchScreen.storyboard in Resources */ = {isa = PBXBuildFile; fileRef = 14A0F43022F98F3B00BBAFE7 /* LaunchScreen.storyboard */; };
		359FC6CF09413278832AD678 /* Pods_NKLocationExample.framework in Frameworks */ = {isa = PBXBuildFile; fileRef = DEA5AC32FFD34B60A733EB47 /* Pods_NKLocationExample.framework */; };
/* End PBXBuildFile section */

/* Begin PBXFileReference section */
		14A0F42422F98F3300BBAFE7 /* NKLocationExample.app */ = {isa = PBXFileReference; explicitFileType = wrapper.application; includeInIndex = 0; path = NKLocationExample.app; sourceTree = BUILT_PRODUCTS_DIR; };
		14A0F42722F98F3300BBAFE7 /* AppDelegate.swift */ = {isa = PBXFileReference; lastKnownFileType = sourcecode.swift; path = AppDelegate.swift; sourceTree = "<group>"; };
		14A0F42922F98F3300BBAFE7 /* ViewController.swift */ = {isa = PBXFileReference; lastKnownFileType = sourcecode.swift; path = ViewController.swift; sourceTree = "<group>"; };
		14A0F42C22F98F3300BBAFE7 /* Base */ = {isa = PBXFileReference; lastKnownFileType = file.storyboard; name = Base; path = Base.lproj/Main.storyboard; sourceTree = "<group>"; };
		14A0F42E22F98F3B00BBAFE7 /* Assets.xcassets */ = {isa = PBXFileReference; lastKnownFileType = folder.assetcatalog; path = Assets.xcassets; sourceTree = "<group>"; };
		14A0F43122F98F3B00BBAFE7 /* Base */ = {isa = PBXFileReference; lastKnownFileType = file.storyboard; name = Base; path = Base.lproj/LaunchScreen.storyboard; sourceTree = "<group>"; };
		14A0F43322F98F3B00BBAFE7 /* Info.plist */ = {isa = PBXFileReference; lastKnownFileType = text.plist.xml; path = Info.plist; sourceTree = "<group>"; };
		32CF476EE466E6FF7BA9653E /* Pods-NKLocationExample.release.xcconfig */ = {isa = PBXFileReference; includeInIndex = 1; lastKnownFileType = text.xcconfig; name = "Pods-NKLocationExample.release.xcconfig"; path = "Target Support Files/Pods-NKLocationExample/Pods-NKLocationExample.release.xcconfig"; sourceTree = "<group>"; };
		44D28942331CB3CDA71D1314 /* Pods-NKLocationExample.debug.xcconfig */ = {isa = PBXFileReference; includeInIndex = 1; lastKnownFileType = text.xcconfig; name = "Pods-NKLocationExample.debug.xcconfig"; path = "Target Support Files/Pods-NKLocationExample/Pods-NKLocationExample.debug.xcconfig"; sourceTree = "<group>"; };
		DEA5AC32FFD34B60A733EB47 /* Pods_NKLocationExample.framework */ = {isa = PBXFileReference; explicitFileType = wrapper.framework; includeInIndex = 0; path = Pods_NKLocationExample.framework; sourceTree = BUILT_PRODUCTS_DIR; };
/* End PBXFileReference section */

/* Begin PBXFrameworksBuildPhase section */
		14A0F42122F98F3300BBAFE7 /* Frameworks */ = {
			isa = PBXFrameworksBuildPhase;
			buildActionMask = 2147483647;
			files = (
				359FC6CF09413278832AD678 /* Pods_NKLocationExample.framework in Frameworks */,
			);
			runOnlyForDeploymentPostprocessing = 0;
		};
/* End PBXFrameworksBuildPhase section */

/* Begin PBXGroup section */
		14A0F41B22F98F3300BBAFE7 = {
			isa = PBXGroup;
			children = (
				14A0F42622F98F3300BBAFE7 /* NKLocationExample */,
				14A0F42522F98F3300BBAFE7 /* Products */,
				F59ABDFBAB4A784622A1F927 /* Pods */,
				1BBD3FBB076D4B8EF2317274 /* Frameworks */,
			);
			sourceTree = "<group>";
		};
		14A0F42522F98F3300BBAFE7 /* Products */ = {
			isa = PBXGroup;
			children = (
				14A0F42422F98F3300BBAFE7 /* NKLocationExample.app */,
			);
			name = Products;
			sourceTree = "<group>";
		};
		14A0F42622F98F3300BBAFE7 /* NKLocationExample */ = {
			isa = PBXGroup;
			children = (
				14A0F42722F98F3300BBAFE7 /* AppDelegate.swift */,
				14A0F42922F98F3300BBAFE7 /* ViewController.swift */,
				14A0F42B22F98F3300BBAFE7 /* Main.storyboard */,
				14A0F42E22F98F3B00BBAFE7 /* Assets.xcassets */,
				14A0F43022F98F3B00BBAFE7 /* LaunchScreen.storyboard */,
				14A0F43322F98F3B00BBAFE7 /* Info.plist */,
			);
			path = NKLocationExample;
			sourceTree = "<group>";
		};
		1BBD3FBB076D4B8EF2317274 /* Frameworks */ = {
			isa = PBXGroup;
			children = (
				DEA5AC32FFD34B60A733EB47 /* Pods_NKLocationExample.framework */,
			);
			name = Frameworks;
			sourceTree = "<group>";
		};
		F59ABDFBAB4A784622A1F927 /* Pods */ = {
			isa = PBXGroup;
			children = (
				44D28942331CB3CDA71D1314 /* Pods-NKLocationExample.debug.xcconfig */,
				32CF476EE466E6FF7BA9653E /* Pods-NKLocationExample.release.xcconfig */,
			);
			name = Pods;
			path = Pods;
			sourceTree = "<group>";
		};
/* End PBXGroup section */

/* Begin PBXNativeTarget section */
		14A0F42322F98F3300BBAFE7 /* NKLocationExample */ = {
			isa = PBXNativeTarget;
			buildConfigurationList = 14A0F43622F98F3B00BBAFE7 /* Build configuration list for PBXNativeTarget "NKLocationExample" */;
			buildPhases = (
				9A97F26BB74CA0365E9D83EA /* [CP] Check Pods Manifest.lock */,
				14A0F42022F98F3300BBAFE7 /* Sources */,
				14A0F42122F98F3300BBAFE7 /* Frameworks */,
				14A0F42222F98F3300BBAFE7 /* Resources */,
				76EBC7F21C80ED384688C2E5 /* [CP] Embed Pods Frameworks */,
			);
			buildRules = (
			);
			dependencies = (
			);
			name = NKLocationExample;
			productName = NKLocationExample;
			productReference = 14A0F42422F98F3300BBAFE7 /* NKLocationExample.app */;
			productType = "com.apple.product-type.application";
		};
/* End PBXNativeTarget section */

/* Begin PBXProject section */
		14A0F41C22F98F3300BBAFE7 /* Project object */ = {
			isa = PBXProject;
			attributes = {
				LastSwiftUpdateCheck = 1020;
				LastUpgradeCheck = 1020;
				ORGANIZATIONNAME = "D2V Software Solutions pvt ltd";
				TargetAttributes = {
					14A0F42322F98F3300BBAFE7 = {
						CreatedOnToolsVersion = 10.2.1;
					};
				};
			};
			buildConfigurationList = 14A0F41F22F98F3300BBAFE7 /* Build configuration list for PBXProject "NKLocationExample" */;
			compatibilityVersion = "Xcode 9.3";
			developmentRegion = en;
			hasScannedForEncodings = 0;
			knownRegions = (
				en,
				Base,
			);
			mainGroup = 14A0F41B22F98F3300BBAFE7;
			productRefGroup = 14A0F42522F98F3300BBAFE7 /* Products */;
			projectDirPath = "";
			projectRoot = "";
			targets = (
				14A0F42322F98F3300BBAFE7 /* NKLocationExample */,
			);
		};
/* End PBXProject section */

/* Begin PBXResourcesBuildPhase section */
		14A0F42222F98F3300BBAFE7 /* Resources */ = {
			isa = PBXResourcesBuildPhase;
			buildActionMask = 2147483647;
			files = (
				14A0F43222F98F3B00BBAFE7 /* LaunchScreen.storyboard in Resources */,
				14A0F42F22F98F3B00BBAFE7 /* Assets.xcassets in Resources */,
				14A0F42D22F98F3300BBAFE7 /* Main.storyboard in Resources */,
			);
			runOnlyForDeploymentPostprocessing = 0;
		};
/* End PBXResourcesBuildPhase section */

/* Begin PBXShellScriptBuildPhase section */
		76EBC7F21C80ED384688C2E5 /* [CP] Embed Pods Frameworks */ = {
			isa = PBXShellScriptBuildPhase;
			buildActionMask = 2147483647;
			files = (
			);
			inputFileListPaths = (
				"${PODS_ROOT}/Target Support Files/Pods-NKLocationExample/Pods-NKLocationExample-frameworks-${CONFIGURATION}-input-files.xcfilelist",
			);
			name = "[CP] Embed Pods Frameworks";
			outputFileListPaths = (
				"${PODS_ROOT}/Target Support Files/Pods-NKLocationExample/Pods-NKLocationExample-frameworks-${CONFIGURATION}-output-files.xcfilelist",
			);
			runOnlyForDeploymentPostprocessing = 0;
			shellPath = /bin/sh;
			shellScript = "\"${PODS_ROOT}/Target Support Files/Pods-NKLocationExample/Pods-NKLocationExample-frameworks.sh\"\n";
			showEnvVarsInLog = 0;
		};
		9A97F26BB74CA0365E9D83EA /* [CP] Check Pods Manifest.lock */ = {
			isa = PBXShellScriptBuildPhase;
			buildActionMask = 2147483647;
			files = (
			);
			inputFileListPaths = (
			);
			inputPaths = (
				"${PODS_PODFILE_DIR_PATH}/Podfile.lock",
				"${PODS_ROOT}/Manifest.lock",
			);
			name = "[CP] Check Pods Manifest.lock";
			outputFileListPaths = (
			);
			outputPaths = (
				"$(DERIVED_FILE_DIR)/Pods-NKLocationExample-checkManifestLockResult.txt",
			);
			runOnlyForDeploymentPostprocessing = 0;
			shellPath = /bin/sh;
			shellScript = "diff \"${PODS_PODFILE_DIR_PATH}/Podfile.lock\" \"${PODS_ROOT}/Manifest.lock\" > /dev/null\nif [ $? != 0 ] ; then\n    # print error to STDERR\n    echo \"error: The sandbox is not in sync with the Podfile.lock. Run 'pod install' or update your CocoaPods installation.\" >&2\n    exit 1\nfi\n# This output is used by Xcode 'outputs' to avoid re-running this script phase.\necho \"SUCCESS\" > \"${SCRIPT_OUTPUT_FILE_0}\"\n";
			showEnvVarsInLog = 0;
		};
/* End PBXShellScriptBuildPhase section */

/* Begin PBXSourcesBuildPhase section */
		14A0F42022F98F3300BBAFE7 /* Sources */ = {
			isa = PBXSourcesBuildPhase;
			buildActionMask = 2147483647;
			files = (
				14A0F42A22F98F3300BBAFE7 /* ViewController.swift in Sources */,
				14A0F42822F98F3300BBAFE7 /* AppDelegate.swift in Sources */,
			);
			runOnlyForDeploymentPostprocessing = 0;
		};
/* End PBXSourcesBuildPhase section */

/* Begin PBXVariantGroup section */
		14A0F42B22F98F3300BBAFE7 /* Main.storyboard */ = {
			isa = PBXVariantGroup;
			children = (
				14A0F42C22F98F3300BBAFE7 /* Base */,
			);
			name = Main.storyboard;
			sourceTree = "<group>";
		};
		14A0F43022F98F3B00BBAFE7 /* LaunchScreen.storyboard */ = {
			isa = PBXVariantGroup;
			children = (
				14A0F43122F98F3B00BBAFE7 /* Base */,
			);
			name = LaunchScreen.storyboard;
			sourceTree = "<group>";
		};
/* End PBXVariantGroup section */

/* Begin XCBuildConfiguration section */
		14A0F43422F98F3B00BBAFE7 /* Debug */ = {
			isa = XCBuildConfiguration;
			buildSettings = {
				ALWAYS_SEARCH_USER_PATHS = NO;
				CLANG_ANALYZER_NONNULL = YES;
				CLANG_ANALYZER_NUMBER_OBJECT_CONVERSION = YES_AGGRESSIVE;
				CLANG_CXX_LANGUAGE_STANDARD = "gnu++14";
				CLANG_CXX_LIBRARY = "libc++";
				CLANG_ENABLE_MODULES = YES;
				CLANG_ENABLE_OBJC_ARC = YES;
				CLANG_ENABLE_OBJC_WEAK = YES;
				CLANG_WARN_BLOCK_CAPTURE_AUTORELEASING = YES;
				CLANG_WARN_BOOL_CONVERSION = YES;
				CLANG_WARN_COMMA = YES;
				CLANG_WARN_CONSTANT_CONVERSION = YES;
				CLANG_WARN_DEPRECATED_OBJC_IMPLEMENTATIONS = YES;
				CLANG_WARN_DIRECT_OBJC_ISA_USAGE = YES_ERROR;
				CLANG_WARN_DOCUMENTATION_COMMENTS = YES;
				CLANG_WARN_EMPTY_BODY = YES;
				CLANG_WARN_ENUM_CONVERSION = YES;
				CLANG_WARN_INFINITE_RECURSION = YES;
				CLANG_WARN_INT_CONVERSION = YES;
				CLANG_WARN_NON_LITERAL_NULL_CONVERSION = YES;
				CLANG_WARN_OBJC_IMPLICIT_RETAIN_SELF = YES;
				CLANG_WARN_OBJC_LITERAL_CONVERSION = YES;
				CLANG_WARN_OBJC_ROOT_CLASS = YES_ERROR;
				CLANG_WARN_RANGE_LOOP_ANALYSIS = YES;
				CLANG_WARN_STRICT_PROTOTYPES = YES;
				CLANG_WARN_SUSPICIOUS_MOVE = YES;
				CLANG_WARN_UNGUARDED_AVAILABILITY = YES_AGGRESSIVE;
				CLANG_WARN_UNREACHABLE_CODE = YES;
				CLANG_WARN__DUPLICATE_METHOD_MATCH = YES;
				CODE_SIGN_IDENTITY = "iPhone Developer";
				COPY_PHASE_STRIP = NO;
				DEBUG_INFORMATION_FORMAT = dwarf;
				ENABLE_STRICT_OBJC_MSGSEND = YES;
				ENABLE_TESTABILITY = YES;
				GCC_C_LANGUAGE_STANDARD = gnu11;
				GCC_DYNAMIC_NO_PIC = NO;
				GCC_NO_COMMON_BLOCKS = YES;
				GCC_OPTIMIZATION_LEVEL = 0;
				GCC_PREPROCESSOR_DEFINITIONS = (
					"DEBUG=1",
					"$(inherited)",
				);
				GCC_WARN_64_TO_32_BIT_CONVERSION = YES;
				GCC_WARN_ABOUT_RETURN_TYPE = YES_ERROR;
				GCC_WARN_UNDECLARED_SELECTOR = YES;
				GCC_WARN_UNINITIALIZED_AUTOS = YES_AGGRESSIVE;
				GCC_WARN_UNUSED_FUNCTION = YES;
				GCC_WARN_UNUSED_VARIABLE = YES;
				IPHONEOS_DEPLOYMENT_TARGET = 12.2;
				MTL_ENABLE_DEBUG_INFO = INCLUDE_SOURCE;
				MTL_FAST_MATH = YES;
				ONLY_ACTIVE_ARCH = YES;
				SDKROOT = iphoneos;
				SWIFT_ACTIVE_COMPILATION_CONDITIONS = DEBUG;
				SWIFT_OPTIMIZATION_LEVEL = "-Onone";
			};
			name = Debug;
		};
		14A0F43522F98F3B00BBAFE7 /* Release */ = {
			isa = XCBuildConfiguration;
			buildSettings = {
				ALWAYS_SEARCH_USER_PATHS = NO;
				CLANG_ANALYZER_NONNULL = YES;
				CLANG_ANALYZER_NUMBER_OBJECT_CONVERSION = YES_AGGRESSIVE;
				CLANG_CXX_LANGUAGE_STANDARD = "gnu++14";
				CLANG_CXX_LIBRARY = "libc++";
				CLANG_ENABLE_MODULES = YES;
				CLANG_ENABLE_OBJC_ARC = YES;
				CLANG_ENABLE_OBJC_WEAK = YES;
				CLANG_WARN_BLOCK_CAPTURE_AUTORELEASING = YES;
				CLANG_WARN_BOOL_CONVERSION = YES;
				CLANG_WARN_COMMA = YES;
				CLANG_WARN_CONSTANT_CONVERSION = YES;
				CLANG_WARN_DEPRECATED_OBJC_IMPLEMENTATIONS = YES;
				CLANG_WARN_DIRECT_OBJC_ISA_USAGE = YES_ERROR;
				CLANG_WARN_DOCUMENTATION_COMMENTS = YES;
				CLANG_WARN_EMPTY_BODY = YES;
				CLANG_WARN_ENUM_CONVERSION = YES;
				CLANG_WARN_INFINITE_RECURSION = YES;
				CLANG_WARN_INT_CONVERSION = YES;
				CLANG_WARN_NON_LITERAL_NULL_CONVERSION = YES;
				CLANG_WARN_OBJC_IMPLICIT_RETAIN_SELF = YES;
				CLANG_WARN_OBJC_LITERAL_CONVERSION = YES;
				CLANG_WARN_OBJC_ROOT_CLASS = YES_ERROR;
				CLANG_WARN_RANGE_LOOP_ANALYSIS = YES;
				CLANG_WARN_STRICT_PROTOTYPES = YES;
				CLANG_WARN_SUSPICIOUS_MOVE = YES;
				CLANG_WARN_UNGUARDED_AVAILABILITY = YES_AGGRESSIVE;
				CLANG_WARN_UNREACHABLE_CODE = YES;
				CLANG_WARN__DUPLICATE_METHOD_MATCH = YES;
				CODE_SIGN_IDENTITY = "iPhone Developer";
				COPY_PHASE_STRIP = NO;
				DEBUG_INFORMATION_FORMAT = "dwarf-with-dsym";
				ENABLE_NS_ASSERTIONS = NO;
				ENABLE_STRICT_OBJC_MSGSEND = YES;
				GCC_C_LANGUAGE_STANDARD = gnu11;
				GCC_NO_COMMON_BLOCKS = YES;
				GCC_WARN_64_TO_32_BIT_CONVERSION = YES;
				GCC_WARN_ABOUT_RETURN_TYPE = YES_ERROR;
				GCC_WARN_UNDECLARED_SELECTOR = YES;
				GCC_WARN_UNINITIALIZED_AUTOS = YES_AGGRESSIVE;
				GCC_WARN_UNUSED_FUNCTION = YES;
				GCC_WARN_UNUSED_VARIABLE = YES;
				IPHONEOS_DEPLOYMENT_TARGET = 12.2;
				MTL_ENABLE_DEBUG_INFO = NO;
				MTL_FAST_MATH = YES;
				SDKROOT = iphoneos;
				SWIFT_COMPILATION_MODE = wholemodule;
				SWIFT_OPTIMIZATION_LEVEL = "-O";
				VALIDATE_PRODUCT = YES;
			};
			name = Release;
		};
		14A0F43722F98F3B00BBAFE7 /* Debug */ = {
			isa = XCBuildConfiguration;
			baseConfigurationReference = 44D28942331CB3CDA71D1314 /* Pods-NKLocationExample.debug.xcconfig */;
			buildSettings = {
				ASSETCATALOG_COMPILER_APPICON_NAME = AppIcon;
				CODE_SIGN_STYLE = Automatic;
				DEVELOPMENT_TEAM = BGK7UGU9Y2;
				INFOPLIST_FILE = NKLocationExample/Info.plist;
				LD_RUNPATH_SEARCH_PATHS = (
					"$(inherited)",
					"@executable_path/Frameworks",
				);
				PRODUCT_BUNDLE_IDENTIFIER = com.D2V.NKLocationExample;
				PRODUCT_NAME = "$(TARGET_NAME)";
				SWIFT_VERSION = 5.0;
				TARGETED_DEVICE_FAMILY = "1,2";
			};
			name = Debug;
		};
		14A0F43822F98F3B00BBAFE7 /* Release */ = {
			isa = XCBuildConfiguration;
			baseConfigurationReference = 32CF476EE466E6FF7BA9653E /* Pods-NKLocationExample.release.xcconfig */;
			buildSettings = {
				ASSETCATALOG_COMPILER_APPICON_NAME = AppIcon;
				CODE_SIGN_STYLE = Automatic;
				DEVELOPMENT_TEAM = BGK7UGU9Y2;
				INFOPLIST_FILE = NKLocationExample/Info.plist;
				LD_RUNPATH_SEARCH_PATHS = (
					"$(inherited)",
					"@executable_path/Frameworks",
				);
				PRODUCT_BUNDLE_IDENTIFIER = com.D2V.NKLocationExample;
				PRODUCT_NAME = "$(TARGET_NAME)";
				SWIFT_VERSION = 5.0;
				TARGETED_DEVICE_FAMILY = "1,2";
			};
			name = Release;
		};
/* End XCBuildConfiguration section */

/* Begin XCConfigurationList section */
		14A0F41F22F98F3300BBAFE7 /* Build configuration list for PBXProject "NKLocationExample" */ = {
			isa = XCConfigurationList;
			buildConfigurations = (
				14A0F43422F98F3B00BBAFE7 /* Debug */,
				14A0F43522F98F3B00BBAFE7 /* Release */,
			);
			defaultConfigurationIsVisible = 0;
			defaultConfigurationName = Release;
		};
		14A0F43622F98F3B00BBAFE7 /* Build configuration list for PBXNativeTarget "NKLocationExample" */ = {
			isa = XCConfigurationList;
			buildConfigurations = (
				14A0F43722F98F3B00BBAFE7 /* Debug */,
				14A0F43822F98F3B00BBAFE7 /* Release */,
			);
			defaultConfigurationIsVisible = 0;
			defaultConfigurationName = Release;
		};
/* End XCConfigurationList section */
	};
	rootObject = 14A0F41C22F98F3300BBAFE7 /* Project object */;
}
